Microsoft Visual Studio Solution File, Format Version 12.00
# Visual Studio Version 17
VisualStudioVersion = 17.5.2.0
MinimumVisualStudioVersion = 10.0.40219.1
Project("{FAE04EC0-301F-11D3-BF4B-00C04F79EFBC}") = "MyCustomList", "MyCustomList.csproj", "{5A8A5EEE-BEE0-F5D1-8614-C2902B5AEF9B}"
EndProject
Global
	GlobalSection(SolutionConfigurationPlatforms) = preSolution
		Debug|Any CPU = Debug|Any CPU
		Release|Any CPU = Release|Any CPU
	EndGlobalSection
	GlobalSection(ProjectConfigurationPlatforms) = postSolution
		{5A8A5EEE-BEE0-F5D1-8614-C2902B5AEF9B}.Debug|Any CPU.ActiveCfg = Debug|Any CPU
		{5A8A5EEE-BEE0-F5D1-8614-C2902B5AEF9B}.Debug|Any CPU.Build.0 = Debug|Any CPU
		{5A8A5EEE-BEE0-F5D1-8614-C2902B5AEF9B}.Release|Any CPU.ActiveCfg = Release|Any CPU
		{5A8A5EEE-BEE0-F5D1-8614-C2902B5AEF9B}.Release|Any CPU.Build.0 = Release|Any CPU
	EndGlobalSection
	GlobalSection(SolutionProperties) = preSolution
		HideSolutionNode = FALSE
	EndGlobalSection
	GlobalSection(ExtensibilityGlobals) = postSolution
		SolutionGuid = {4F1DC687-594C-42FD-9A17-7CE1BE8DC291}
	EndGlobalSection
EndGlobal
